
Microsoft Visual Studio Solution File, Format Version 12.00
# Visual Studio Version 17
VisualStudioVersion = 17.1.32414.318
MinimumVisualStudioVersion = 10.0.40219.1
Project("{2150E333-8FDC-42A3-9474-1A3956D46DE8}") = "src", "src", "{9922AA2B-E849-46EE-8925-125118F73792}"
EndProject
Project("{9A19103F-16F7-4668-BE54-9A1E7A4F7556}") = "Domain", "src\Domain\Domain.csproj", "{95D593E3-1F8A-45F8-AA31-8DD813F76383}"
EndProject
Project("{9A19103F-16F7-4668-BE54-9A1E7A4F7556}") = "Application", "src\Application\Application.csproj", "{8A237A4E-68BB-4D80-96D1-A9F840F19BD9}"
EndProject
Project("{9A19103F-16F7-4668-BE54-9A1E7A4F7556}") = "Infrastructure", "src\Infrastructure\Infrastructure.csproj", "{4FDA6EF3-A843-4E8A-A591-37824594FA66}"
EndProject
Project("{2150E333-8FDC-42A3-9474-1A3956D46DE8}") = "Presentations", "Presentations", "{9C71ECD6-9CA5-4799-A021-145881C0C591}"
EndProject
Project("{9A19103F-16F7-4668-BE54-9A1E7A4F7556}") = "WebApi", "src\Presentations\WebApi\WebApi.csproj", "{21B783A4-53A5-4780-A3E4-AE9E09A76CF8}"
EndProject
Project("{2150E333-8FDC-42A3-9474-1A3956D46DE8}") = "test", "test", "{41BFC503-5029-4867-9EE8-7097D3D2B23E}"
EndProject
Project("{2150E333-8FDC-42A3-9474-1A3956D46DE8}") = "XUnit", "XUnit", "{865426CA-0F44-47BA-BD8E-A40AB4398E98}"
EndProject
Project("{FAE04EC0-301F-11D3-BF4B-00C04F79EFBC}") = "Application.Test", "tests\XUnit\Application.Test\Application.Test.csproj", "{D04D195F-D3D2-46CD-AE0A-5DC0F23ABB6E}"
EndProject
Project("{FAE04EC0-301F-11D3-BF4B-00C04F79EFBC}") = "WebApi.Test", "tests\XUnit\WebApi.Test\WebApi.Test.csproj", "{6BB9CF37-1E39-4678-A4C7-6CF8DC3C2253}"
EndProject
Global
	GlobalSection(SolutionConfigurationPlatforms) = preSolution
		Debug|Any CPU = Debug|Any CPU
		Release|Any CPU = Release|Any CPU
	EndGlobalSection
	GlobalSection(ProjectConfigurationPlatforms) = postSolution
		{95D593E3-1F8A-45F8-AA31-8DD813F76383}.Debug|Any CPU.ActiveCfg = Debug|Any CPU
		{95D593E3-1F8A-45F8-AA31-8DD813F76383}.Debug|Any CPU.Build.0 = Debug|Any CPU
		{95D593E3-1F8A-45F8-AA31-8DD813F76383}.Release|Any CPU.ActiveCfg = Release|Any CPU
		{95D593E3-1F8A-45F8-AA31-8DD813F76383}.Release|Any CPU.Build.0 = Release|Any CPU
		{8A237A4E-68BB-4D80-96D1-A9F840F19BD9}.Debug|Any CPU.ActiveCfg = Debug|Any CPU
		{8A237A4E-68BB-4D80-96D1-A9F840F19BD9}.Debug|Any CPU.Build.0 = Debug|Any CPU
		{8A237A4E-68BB-4D80-96D1-A9F840F19BD9}.Release|Any CPU.ActiveCfg = Release|Any CPU
		{8A237A4E-68BB-4D80-96D1-A9F840F19BD9}.Release|Any CPU.Build.0 = Release|Any CPU
		{4FDA6EF3-A843-4E8A-A591-37824594FA66}.Debug|Any CPU.ActiveCfg = Debug|Any CPU
		{4FDA6EF3-A843-4E8A-A591-37824594FA66}.Debug|Any CPU.Build.0 = Debug|Any CPU
		{4FDA6EF3-A843-4E8A-A591-37824594FA66}.Release|Any CPU.ActiveCfg = Release|Any CPU
		{4FDA6EF3-A843-4E8A-A591-37824594FA66}.Release|Any CPU.Build.0 = Release|Any CPU
		{21B783A4-53A5-4780-A3E4-AE9E09A76CF8}.Debug|Any CPU.ActiveCfg = Debug|Any CPU
		{21B783A4-53A5-4780-A3E4-AE9E09A76CF8}.Debug|Any CPU.Build.0 = Debug|Any CPU
		{21B783A4-53A5-4780-A3E4-AE9E09A76CF8}.Release|Any CPU.ActiveCfg = Release|Any CPU
		{21B783A4-53A5-4780-A3E4-AE9E09A76CF8}.Release|Any CPU.Build.0 = Release|Any CPU
		{D04D195F-D3D2-46CD-AE0A-5DC0F23ABB6E}.Debug|Any CPU.ActiveCfg = Debug|Any CPU
		{D04D195F-D3D2-46CD-AE0A-5DC0F23ABB6E}.Debug|Any CPU.Build.0 = Debug|Any CPU
		{D04D195F-D3D2-46CD-AE0A-5DC0F23ABB6E}.Release|Any CPU.ActiveCfg = Release|Any CPU
		{D04D195F-D3D2-46CD-AE0A-5DC0F23ABB6E}.Release|Any CPU.Build.0 = Release|Any CPU
		{6BB9CF37-1E39-4678-A4C7-6CF8DC3C2253}.Debug|Any CPU.ActiveCfg = Debug|Any CPU
		{6BB9CF37-1E39-4678-A4C7-6CF8DC3C2253}.Debug|Any CPU.Build.0 = Debug|Any CPU
		{6BB9CF37-1E39-4678-A4C7-6CF8DC3C2253}.Release|Any CPU.ActiveCfg = Release|Any CPU
		{6BB9CF37-1E39-4678-A4C7-6CF8DC3C2253}.Release|Any CPU.Build.0 = Release|Any CPU
	EndGlobalSection
	GlobalSection(SolutionProperties) = preSolution
		HideSolutionNode = FALSE
	EndGlobalSection
	GlobalSection(NestedProjects) = preSolution
		{95D593E3-1F8A-45F8-AA31-8DD813F76383} = {9922AA2B-E849-46EE-8925-125118F73792}
		{8A237A4E-68BB-4D80-96D1-A9F840F19BD9} = {9922AA2B-E849-46EE-8925-125118F73792}
		{4FDA6EF3-A843-4E8A-A591-37824594FA66} = {9922AA2B-E849-46EE-8925-125118F73792}
		{9C71ECD6-9CA5-4799-A021-145881C0C591} = {9922AA2B-E849-46EE-8925-125118F73792}
		{21B783A4-53A5-4780-A3E4-AE9E09A76CF8} = {9C71ECD6-9CA5-4799-A021-145881C0C591}
		{865426CA-0F44-47BA-BD8E-A40AB4398E98} = {41BFC503-5029-4867-9EE8-7097D3D2B23E}
		{D04D195F-D3D2-46CD-AE0A-5DC0F23ABB6E} = {865426CA-0F44-47BA-BD8E-A40AB4398E98}
		{6BB9CF37-1E39-4678-A4C7-6CF8DC3C2253} = {865426CA-0F44-47BA-BD8E-A40AB4398E98}
	EndGlobalSection
	GlobalSection(ExtensibilityGlobals) = postSolution
		SolutionGuid = {BBE9B431-D490-4CAD-AAD2-9A49E54C0D0A}
	EndGlobalSection
EndGlobal
